
Microsoft Visual Studio Solution File, Format Version 12.00
# Visual Studio Version 17
VisualStudioVersion = 17.4.33110.190
MinimumVisualStudioVersion = 10.0.40219.1
Project("{FAE04EC0-301F-11D3-BF4B-00C04F79EFBC}") = "mvcdatabind", "mvcdatabind\mvcdatabind.csproj", "{11949D6E-124A-493D-9852-D591E78DBE7E}"
EndProject
Global
	GlobalSection(SolutionConfigurationPlatforms) = preSolution
		Debug|Any CPU = Debug|Any CPU
		Release|Any CPU = Release|Any CPU
	EndGlobalSection
	GlobalSection(ProjectConfigurationPlatforms) = postSolution
		{11949D6E-124A-493D-9852-D591E78DBE7E}.Debug|Any CPU.ActiveCfg = Debug|Any CPU
		{11949D6E-124A-493D-9852-D591E78DBE7E}.Debug|Any CPU.Build.0 = Debug|Any CPU
		{11949D6E-124A-493D-9852-D591E78DBE7E}.Release|Any CPU.ActiveCfg = Release|Any CPU
		{11949D6E-124A-493D-9852-D591E78DBE7E}.Release|Any CPU.Build.0 = Release|Any CPU
	EndGlobalSection
	GlobalSection(SolutionProperties) = preSolution
		HideSolutionNode = FALSE
	EndGlobalSection
	GlobalSection(ExtensibilityGlobals) = postSolution
		SolutionGuid = {22EDC359-D569-4851-831C-65456749849F}
	EndGlobalSection
EndGlobal
